
Microsoft Visual Studio Solution File, Format Version 12.00
# Visual Studio 15
Project("{FAE04EC0-301F-11D3-BF4B-00C04F79EFBC}") = "CardboardSamples", "CardboardSamples.csproj", "{F7F15554-50F0-B756-BA2E-40A7CECAA4BE}"
EndProject
Project("{FAE04EC0-301F-11D3-BF4B-00C04F79EFBC}") = "Assembly-CSharp", "Assembly-CSharp.csproj", "{51ED2C35-E708-9ACB-906C-7AC17B7081F6}"
EndProject
Global
	GlobalSection(SolutionConfigurationPlatforms) = preSolution
		Debug|Any CPU = Debug|Any CPU
		Release|Any CPU = Release|Any CPU
	EndGlobalSection
	GlobalSection(ProjectConfigurationPlatforms) = postSolution
		{F7F15554-50F0-B756-BA2E-40A7CECAA4BE}.Debug|Any CPU.ActiveCfg = Debug|Any CPU
		{F7F15554-50F0-B756-BA2E-40A7CECAA4BE}.Debug|Any CPU.Build.0 = Debug|Any CPU
		{F7F15554-50F0-B756-BA2E-40A7CECAA4BE}.Release|Any CPU.ActiveCfg = Release|Any CPU
		{F7F15554-50F0-B756-BA2E-40A7CECAA4BE}.Release|Any CPU.Build.0 = Release|Any CPU
		{51ED2C35-E708-9ACB-906C-7AC17B7081F6}.Debug|Any CPU.ActiveCfg = Debug|Any CPU
		{51ED2C35-E708-9ACB-906C-7AC17B7081F6}.Debug|Any CPU.Build.0 = Debug|Any CPU
		{51ED2C35-E708-9ACB-906C-7AC17B7081F6}.Release|Any CPU.ActiveCfg = Release|Any CPU
		{51ED2C35-E708-9ACB-906C-7AC17B7081F6}.Release|Any CPU.Build.0 = Release|Any CPU
	EndGlobalSection
	GlobalSection(SolutionProperties) = preSolution
		HideSolutionNode = FALSE
	EndGlobalSection
EndGlobal
